{
	"name": "terrai50",
	"version": "1.0.0",
	"lockfileVersion": 1,
	"requires": true,
	"dependencies": {
		"mgrs": {
			"version": "1.0.0",
			"resolved": "https://registry.npmjs.org/mgrs/-/mgrs-1.0.0.tgz",
			"integrity": "sha1-+5FYjnjJACVnI5XLQLJffNatGCk="
		},
		"nnng": {
			"version": "1.0.0",
			"resolved": "https://registry.npmjs.org/nnng/-/nnng-1.0.0.tgz",
			"integrity": "sha1-796D3fTAKtwDAQJbTrUcuzRlY0U=",
			"requires": {
				"proj4": "^2.3.10"
			}
		},
		"proj4": {
			"version": "2.6.0",
			"resolved": "https://registry.npmjs.org/proj4/-/proj4-2.6.0.tgz",
			"integrity": "sha512-ll2WyehUFOyzEZtN8hAiOTmZpuDCN5V+4A/HjhPbhlwVwlsFKnIHSZ3l3uhzgDndHjoL2MyERFGe9VmXN4rYUg==",
			"requires": {
				"mgrs": "1.0.0",
				"wkt-parser": "^1.2.0"
			}
		},
		"wkt-parser": {
			"version": "1.2.4",
			"resolved": "https://registry.npmjs.org/wkt-parser/-/wkt-parser-1.2.4.tgz",
			"integrity": "sha512-ZzKnc7ml/91fOPh5bANBL4vUlWPIYYv11waCtWTkl2TRN+LEmBg60Q1MA8gqV4hEp4MGfSj9JiHz91zw/gTDXg=="
		}
	}
}
